
Microsoft Visual Studio Solution File, Format Version 12.00
# Visual Studio 14
VisualStudioVersion = 14.0.25420.1
MinimumVisualStudioVersion = 10.0.40219.1
Project("{FAE04EC0-301F-11D3-BF4B-00C04F79EFBC}") = "ResumeBlog.Model", "ResumeBlog.Model\ResumeBlog.Model.csproj", "{DEA981F6-8D7B-4C67-AB7F-7887C395128F}"
EndProject
Project("{FAE04EC0-301F-11D3-BF4B-00C04F79EFBC}") = "ResumeBlog.DataLayer", "ResumeBlog.DataLayer\ResumeBlog.DataLayer.csproj", "{25A07435-AAF8-4E77-8B25-F6B4407525AE}"
EndProject
Project("{FAE04EC0-301F-11D3-BF4B-00C04F79EFBC}") = "ResumeBlog.Web", "ResumeBlog.Web\ResumeBlog.Web.csproj", "{C72C2DAE-4804-4493-B0DC-49B60C7F1682}"
EndProject
Project("{FAE04EC0-301F-11D3-BF4B-00C04F79EFBC}") = "ResumeBlog.Web.Tests", "ResumeBlog.Web.Tests\ResumeBlog.Web.Tests.csproj", "{846A0CD8-3096-434B-B0FE-5B1E7653C0B8}"
EndProject
Global
	GlobalSection(SolutionConfigurationPlatforms) = preSolution
		Debug|Any CPU = Debug|Any CPU
		Release|Any CPU = Release|Any CPU
	EndGlobalSection
	GlobalSection(ProjectConfigurationPlatforms) = postSolution
		{DEA981F6-8D7B-4C67-AB7F-7887C395128F}.Debug|Any CPU.ActiveCfg = Debug|Any CPU
		{DEA981F6-8D7B-4C67-AB7F-7887C395128F}.Debug|Any CPU.Build.0 = Debug|Any CPU
		{DEA981F6-8D7B-4C67-AB7F-7887C395128F}.Release|Any CPU.ActiveCfg = Release|Any CPU
		{DEA981F6-8D7B-4C67-AB7F-7887C395128F}.Release|Any CPU.Build.0 = Release|Any CPU
		{25A07435-AAF8-4E77-8B25-F6B4407525AE}.Debug|Any CPU.ActiveCfg = Debug|Any CPU
		{25A07435-AAF8-4E77-8B25-F6B4407525AE}.Debug|Any CPU.Build.0 = Debug|Any CPU
		{25A07435-AAF8-4E77-8B25-F6B4407525AE}.Release|Any CPU.ActiveCfg = Release|Any CPU
		{25A07435-AAF8-4E77-8B25-F6B4407525AE}.Release|Any CPU.Build.0 = Release|Any CPU
		{C72C2DAE-4804-4493-B0DC-49B60C7F1682}.Debug|Any CPU.ActiveCfg = Debug|Any CPU
		{C72C2DAE-4804-4493-B0DC-49B60C7F1682}.Debug|Any CPU.Build.0 = Debug|Any CPU
		{C72C2DAE-4804-4493-B0DC-49B60C7F1682}.Release|Any CPU.ActiveCfg = Release|Any CPU
		{C72C2DAE-4804-4493-B0DC-49B60C7F1682}.Release|Any CPU.Build.0 = Release|Any CPU
		{846A0CD8-3096-434B-B0FE-5B1E7653C0B8}.Debug|Any CPU.ActiveCfg = Debug|Any CPU
		{846A0CD8-3096-434B-B0FE-5B1E7653C0B8}.Debug|Any CPU.Build.0 = Debug|Any CPU
		{846A0CD8-3096-434B-B0FE-5B1E7653C0B8}.Release|Any CPU.ActiveCfg = Release|Any CPU
		{846A0CD8-3096-434B-B0FE-5B1E7653C0B8}.Release|Any CPU.Build.0 = Release|Any CPU
	EndGlobalSection
	GlobalSection(SolutionProperties) = preSolution
		HideSolutionNode = FALSE
	EndGlobalSection
EndGlobal
